
Microsoft Visual Studio Solution File, Format Version 12.00
# Visual Studio Version 17
VisualStudioVersion = 17.0.32112.339
MinimumVisualStudioVersion = 10.0.40219.1
Project("{FAE04EC0-301F-11D3-BF4B-00C04F79EFBC}") = "CalculateLength", "CalculateLength.csproj", "{75173001-EC51-4035-B019-EAB06F1A889B}"
EndProject
Global
	GlobalSection(SolutionConfigurationPlatforms) = preSolution
		Debug|Any CPU = Debug|Any CPU
		Release|Any CPU = Release|Any CPU
	EndGlobalSection
	GlobalSection(ProjectConfigurationPlatforms) = postSolution
		{75173001-EC51-4035-B019-EAB06F1A889B}.Debug|Any CPU.ActiveCfg = Debug|Any CPU
		{75173001-EC51-4035-B019-EAB06F1A889B}.Debug|Any CPU.Build.0 = Debug|Any CPU
		{75173001-EC51-4035-B019-EAB06F1A889B}.Release|Any CPU.ActiveCfg = Release|Any CPU
		{75173001-EC51-4035-B019-EAB06F1A889B}.Release|Any CPU.Build.0 = Release|Any CPU
	EndGlobalSection
	GlobalSection(SolutionProperties) = preSolution
		HideSolutionNode = FALSE
	EndGlobalSection
	GlobalSection(ExtensibilityGlobals) = postSolution
		SolutionGuid = {B26278EC-AF59-49FC-9FDF-742534339223}
	EndGlobalSection
EndGlobal
